
Microsoft Visual Studio Solution File, Format Version 12.00
# Visual Studio Version 16
VisualStudioVersion = 16.0.30204.135
MinimumVisualStudioVersion = 10.0.40219.1
Project("{FAE04EC0-301F-11D3-BF4B-00C04F79EFBC}") = "AltFormatter", "AltFormatter\AltFormatter.csproj", "{F97BC114-C8EF-4F01-AE21-C1E779315C5F}"
EndProject
Project("{FAE04EC0-301F-11D3-BF4B-00C04F79EFBC}") = "AltFormatter.Tests", "AltFormatter.Tests\AltFormatter.Tests.csproj", "{CA464EBF-9A96-43ED-97B2-E0B5ECE2B423}"
EndProject
Project("{FAE04EC0-301F-11D3-BF4B-00C04F79EFBC}") = "AltFormatter.Examples", "AltFormatter.Examples\AltFormatter.Examples.csproj", "{006A6B2E-35C7-4B5E-A95B-71254B6D51A7}"
EndProject
Global
	GlobalSection(SolutionConfigurationPlatforms) = preSolution
		Debug|Any CPU = Debug|Any CPU
		Release|Any CPU = Release|Any CPU
	EndGlobalSection
	GlobalSection(ProjectConfigurationPlatforms) = postSolution
		{F97BC114-C8EF-4F01-AE21-C1E779315C5F}.Debug|Any CPU.ActiveCfg = Debug|Any CPU
		{F97BC114-C8EF-4F01-AE21-C1E779315C5F}.Debug|Any CPU.Build.0 = Debug|Any CPU
		{F97BC114-C8EF-4F01-AE21-C1E779315C5F}.Release|Any CPU.ActiveCfg = Release|Any CPU
		{F97BC114-C8EF-4F01-AE21-C1E779315C5F}.Release|Any CPU.Build.0 = Release|Any CPU
		{CA464EBF-9A96-43ED-97B2-E0B5ECE2B423}.Debug|Any CPU.ActiveCfg = Debug|Any CPU
		{CA464EBF-9A96-43ED-97B2-E0B5ECE2B423}.Debug|Any CPU.Build.0 = Debug|Any CPU
		{CA464EBF-9A96-43ED-97B2-E0B5ECE2B423}.Release|Any CPU.ActiveCfg = Release|Any CPU
		{CA464EBF-9A96-43ED-97B2-E0B5ECE2B423}.Release|Any CPU.Build.0 = Release|Any CPU
		{006A6B2E-35C7-4B5E-A95B-71254B6D51A7}.Debug|Any CPU.ActiveCfg = Debug|Any CPU
		{006A6B2E-35C7-4B5E-A95B-71254B6D51A7}.Debug|Any CPU.Build.0 = Debug|Any CPU
		{006A6B2E-35C7-4B5E-A95B-71254B6D51A7}.Release|Any CPU.ActiveCfg = Release|Any CPU
		{006A6B2E-35C7-4B5E-A95B-71254B6D51A7}.Release|Any CPU.Build.0 = Release|Any CPU
	EndGlobalSection
	GlobalSection(SolutionProperties) = preSolution
		HideSolutionNode = FALSE
	EndGlobalSection
	GlobalSection(ExtensibilityGlobals) = postSolution
		SolutionGuid = {6B49F809-F445-42AA-A80E-8535AC9B7101}
	EndGlobalSection
EndGlobal
